
Microsoft Visual Studio Solution File, Format Version 12.00
# Visual Studio 2012
Project("{FAE04EC0-301F-11D3-BF4B-00C04F79EFBC}") = "ProgrammingAssignment3", "ProgrammingAssignment3\ProgrammingAssignment3.csproj", "{51C75750-EC09-4944-BACA-1F89475EA820}"
EndProject
Global
	GlobalSection(SolutionConfigurationPlatforms) = preSolution
		Debug|Any CPU = Debug|Any CPU
		Release|Any CPU = Release|Any CPU
	EndGlobalSection
	GlobalSection(ProjectConfigurationPlatforms) = postSolution
		{51C75750-EC09-4944-BACA-1F89475EA820}.Debug|Any CPU.ActiveCfg = Debug|Any CPU
		{51C75750-EC09-4944-BACA-1F89475EA820}.Debug|Any CPU.Build.0 = Debug|Any CPU
		{51C75750-EC09-4944-BACA-1F89475EA820}.Release|Any CPU.ActiveCfg = Release|Any CPU
		{51C75750-EC09-4944-BACA-1F89475EA820}.Release|Any CPU.Build.0 = Release|Any CPU
	EndGlobalSection
	GlobalSection(SolutionProperties) = preSolution
		HideSolutionNode = FALSE
	EndGlobalSection
EndGlobal
